<?xml version="1.0" encoding="utf-8"?>
<Project ToolsVersion="4.0" xmlns="http://schemas.microsoft.com/developer/msbuild/2003">
  <ItemGroup>
    <Filter Include="源文件">
      <UniqueIdentifier>{4FC737F1-C7A5-4376-A066-2A32D752A2FF}</UniqueIdentifier>
      <Extensions>cpp;c;cc;cxx;c++;cppm;ixx;def;odl;idl;hpj;bat;asm;asmx</Extensions>
    </Filter>
    <Filter Include="头文件">
      <UniqueIdentifier>{93995380-89BD-4b04-88EB-625FBE52EBFB}</UniqueIdentifier>
      <Extensions>h;hh;hpp;hxx;h++;hm;inl;inc;ipp;xsd</Extensions>
    </Filter>
    <Filter Include="资源文件">
      <UniqueIdentifier>{67DA6AB6-F800-4c08-8B7A-83BB121AAD01}</UniqueIdentifier>
      <Extensions>rc;ico;cur;bmp;dlg;rc2;rct;bin;rgs;gif;jpg;jpeg;jpe;resx;tiff;tif;png;wav;mfcribbon-ms</Extensions>
    </Filter>
    <Filter Include="includes">
      <UniqueIdentifier>{be172add-6831-4328-b8ba-6c9c058694c3}</UniqueIdentifier>
    </Filter>
    <Filter Include="includes\glad">
      <UniqueIdentifier>{fe591fd9-5999-41ce-97d9-c9f1646c67e0}</UniqueIdentifier>
    </Filter>
  </ItemGroup>
  <ItemGroup>
    <ClCompile Include="includes\glad\glad.c">
      <Filter>includes\glad</Filter>
    </ClCompile>
    <ClCompile Include="main.cpp">
      <Filter>源文件</Filter>
    </ClCompile>
    <ClCompile Include="Core\Application.cpp">
      <Filter>源文件</Filter>
    </ClCompile>
    <ClCompile Include="Engine\Implementations\NCLGL_Impl\B_AnimatedMesh.cpp">
      <Filter>源文件</Filter>
    </ClCompile>
    <ClCompile Include="Engine\Implementations\NCLGL_Impl\B_DebugUI_Null.cpp">
      <Filter>源文件</Filter>
    </ClCompile>
    <ClCompile Include="Engine\Implementations\NCLGL_Impl\B_Factory.cpp">
      <Filter>源文件</Filter>
    </ClCompile>
    <ClCompile Include="Engine\Implementations\NCLGL_Impl\B_FrameBuffer.cpp">
      <Filter>源文件</Filter>
    </ClCompile>
    <ClCompile Include="Engine\Implementations\NCLGL_Impl\B_GameTimer.cpp">
      <Filter>源文件</Filter>
    </ClCompile>
    <ClCompile Include="Engine\Implementations\NCLGL_Impl\B_Heightmap.cpp">
      <Filter>源文件</Filter>
    </ClCompile>
    <ClCompile Include="Engine\Implementations\NCLGL_Impl\B_InputDevice.cpp">
      <Filter>源文件</Filter>
    </ClCompile>
    <ClCompile Include="Engine\Implementations\NCLGL_Impl\B_Mesh.cpp">
      <Filter>源文件</Filter>
    </ClCompile>
    <ClCompile Include="Engine\Implementations\NCLGL_Impl\B_Shader.cpp">
      <Filter>源文件</Filter>
    </ClCompile>
    <ClCompile Include="Engine\Implementations\NCLGL_Impl\B_Texture.cpp">
      <Filter>源文件</Filter>
    </ClCompile>
    <ClCompile Include="Engine\Implementations\NCLGL_Impl\B_WindowSystem.cpp">
      <Filter>源文件</Filter>
    </ClCompile>
  </ItemGroup>
  <ItemGroup>
    <ClInclude Include="Engine\IAL\I_AnimatedMesh.h">
      <Filter>头文件</Filter>
    </ClInclude>
    <ClInclude Include="Engine\IAL\I_DebugUI.h">
      <Filter>头文件</Filter>
    </ClInclude>
    <ClInclude Include="Engine\IAL\I_FrameBuffer.h">
      <Filter>头文件</Filter>
    </ClInclude>
    <ClInclude Include="Engine\IAL\I_GameTimer.h">
      <Filter>头文件</Filter>
    </ClInclude>
    <ClInclude Include="Engine\IAL\I_Heightmap.h">
      <Filter>头文件</Filter>
    </ClInclude>
    <ClInclude Include="Engine\IAL\I_InputDevice.h">
      <Filter>头文件</Filter>
    </ClInclude>
    <ClInclude Include="Engine\IAL\I_Mesh.h">
      <Filter>头文件</Filter>
    </ClInclude>
    <ClInclude Include="Engine\IAL\I_ResourceFactory.h">
      <Filter>头文件</Filter>
    </ClInclude>
    <ClInclude Include="Engine\IAL\I_Shader.h">
      <Filter>头文件</Filter>
    </ClInclude>
    <ClInclude Include="Engine\IAL\I_Texture.h">
      <Filter>头文件</Filter>
    </ClInclude>
    <ClInclude Include="Engine\IAL\I_WindowSystem.h">
      <Filter>头文件</Filter>
    </ClInclude>
    <ClInclude Include="Core\Application.h">
      <Filter>头文件</Filter>
    </ClInclude>
    <ClInclude Include="Engine\Implementations\NCLGL_Impl\B_AnimatedMesh.h">
      <Filter>头文件</Filter>
    </ClInclude>
    <ClInclude Include="Engine\Implementations\NCLGL_Impl\B_DebugUI_Null.h">
      <Filter>头文件</Filter>
    </ClInclude>
    <ClInclude Include="Engine\Implementations\NCLGL_Impl\B_Factory.h">
      <Filter>头文件</Filter>
    </ClInclude>
    <ClInclude Include="Engine\Implementations\NCLGL_Impl\B_FrameBuffer.h">
      <Filter>头文件</Filter>
    </ClInclude>
    <ClInclude Include="Engine\Implementations\NCLGL_Impl\B_GameTimer.h">
      <Filter>头文件</Filter>
    </ClInclude>
    <ClInclude Include="Engine\Implementations\NCLGL_Impl\B_Heightmap.h">
      <Filter>头文件</Filter>
    </ClInclude>
    <ClInclude Include="Engine\Implementations\NCLGL_Impl\B_InputDevice.h">
      <Filter>头文件</Filter>
    </ClInclude>
    <ClInclude Include="Engine\Implementations\NCLGL_Impl\B_Mesh.h">
      <Filter>头文件</Filter>
    </ClInclude>
    <ClInclude Include="Engine\Implementations\NCLGL_Impl\B_Shader.h">
      <Filter>头文件</Filter>
    </ClInclude>
    <ClInclude Include="Engine\Implementations\NCLGL_Impl\B_Texture.h">
      <Filter>头文件</Filter>
    </ClInclude>
    <ClInclude Include="Engine\Implementations\NCLGL_Impl\B_WindowSystem.h">
      <Filter>头文件</Filter>
    </ClInclude>
  </ItemGroup>
</Project>